
Microsoft Visual Studio Solution File, Format Version 12.00
Project("{FAE04EC0-301F-11D3-BF4B-00C04F79EFBC}") = "Hazie", "Hazie\Hazie.csproj", "{E73E438A-4DD8-45FB-BDDC-FC80F3D0A491}"
EndProject
Project("{FAE04EC0-301F-11D3-BF4B-00C04F79EFBC}") = "Lab", "Lab\Lab.csproj", "{4CCADF74-0829-4CB4-8D07-EAAEDA34E804}"
EndProject
Global
	GlobalSection(SolutionConfigurationPlatforms) = preSolution
		Debug|Any CPU = Debug|Any CPU
		Release|Any CPU = Release|Any CPU
	EndGlobalSection
	GlobalSection(ProjectConfigurationPlatforms) = postSolution
		{E73E438A-4DD8-45FB-BDDC-FC80F3D0A491}.Debug|Any CPU.ActiveCfg = Debug|Any CPU
		{E73E438A-4DD8-45FB-BDDC-FC80F3D0A491}.Debug|Any CPU.Build.0 = Debug|Any CPU
		{E73E438A-4DD8-45FB-BDDC-FC80F3D0A491}.Release|Any CPU.ActiveCfg = Release|Any CPU
		{E73E438A-4DD8-45FB-BDDC-FC80F3D0A491}.Release|Any CPU.Build.0 = Release|Any CPU
		{4CCADF74-0829-4CB4-8D07-EAAEDA34E804}.Debug|Any CPU.ActiveCfg = Debug|Any CPU
		{4CCADF74-0829-4CB4-8D07-EAAEDA34E804}.Debug|Any CPU.Build.0 = Debug|Any CPU
		{4CCADF74-0829-4CB4-8D07-EAAEDA34E804}.Release|Any CPU.ActiveCfg = Release|Any CPU
		{4CCADF74-0829-4CB4-8D07-EAAEDA34E804}.Release|Any CPU.Build.0 = Release|Any CPU
	EndGlobalSection
EndGlobal
